
Microsoft Visual Studio Solution File, Format Version 12.00
# Visual Studio Version 17
VisualStudioVersion = 17.7.34024.191
MinimumVisualStudioVersion = 10.0.40219.1
Project("{9A19103F-16F7-4668-BE54-9A1E7A4F7556}") = "HockeyData", "HockeyData\HockeyData.csproj", "{13C1C40D-2B15-44EE-8E74-0D6E2CA87A83}"
EndProject
Project("{FAE04EC0-301F-11D3-BF4B-00C04F79EFBC}") = "Util", "Utilities\Util.csproj", "{14992CBC-CC0A-4FFB-A23B-681C570BAA67}"
EndProject
Project("{FAE04EC0-301F-11D3-BF4B-00C04F79EFBC}") = "HockeyConsoleApp", "HockeyConsoleApp\HockeyConsoleApp.csproj", "{70ADF0E8-14DE-40EB-963B-C71536AD13B1}"
EndProject
Global
	GlobalSection(SolutionConfigurationPlatforms) = preSolution
		Debug|Any CPU = Debug|Any CPU
		Release|Any CPU = Release|Any CPU
	EndGlobalSection
	GlobalSection(ProjectConfigurationPlatforms) = postSolution
		{13C1C40D-2B15-44EE-8E74-0D6E2CA87A83}.Debug|Any CPU.ActiveCfg = Debug|Any CPU
		{13C1C40D-2B15-44EE-8E74-0D6E2CA87A83}.Debug|Any CPU.Build.0 = Debug|Any CPU
		{13C1C40D-2B15-44EE-8E74-0D6E2CA87A83}.Release|Any CPU.ActiveCfg = Release|Any CPU
		{13C1C40D-2B15-44EE-8E74-0D6E2CA87A83}.Release|Any CPU.Build.0 = Release|Any CPU
		{14992CBC-CC0A-4FFB-A23B-681C570BAA67}.Debug|Any CPU.ActiveCfg = Debug|Any CPU
		{14992CBC-CC0A-4FFB-A23B-681C570BAA67}.Debug|Any CPU.Build.0 = Debug|Any CPU
		{14992CBC-CC0A-4FFB-A23B-681C570BAA67}.Release|Any CPU.ActiveCfg = Release|Any CPU
		{14992CBC-CC0A-4FFB-A23B-681C570BAA67}.Release|Any CPU.Build.0 = Release|Any CPU
		{70ADF0E8-14DE-40EB-963B-C71536AD13B1}.Debug|Any CPU.ActiveCfg = Debug|Any CPU
		{70ADF0E8-14DE-40EB-963B-C71536AD13B1}.Debug|Any CPU.Build.0 = Debug|Any CPU
		{70ADF0E8-14DE-40EB-963B-C71536AD13B1}.Release|Any CPU.ActiveCfg = Release|Any CPU
		{70ADF0E8-14DE-40EB-963B-C71536AD13B1}.Release|Any CPU.Build.0 = Release|Any CPU
	EndGlobalSection
	GlobalSection(SolutionProperties) = preSolution
		HideSolutionNode = FALSE
	EndGlobalSection
	GlobalSection(ExtensibilityGlobals) = postSolution
		SolutionGuid = {55DB0B13-4696-445C-9762-C8E8C43B1245}
	EndGlobalSection
EndGlobal
